
Microsoft Visual Studio Solution File, Format Version 12.00
# Visual Studio Version 17
VisualStudioVersion = 17.8.34525.116
MinimumVisualStudioVersion = 10.0.40219.1
Project("{FAE04EC0-301F-11D3-BF4B-00C04F79EFBC}") = "ProntoChef", "ProntoChef.csproj", "{08CE3547-2C25-466A-A8A3-E7172514FCB0}"
EndProject
Global
	GlobalSection(SolutionConfigurationPlatforms) = preSolution
		Debug|Any CPU = Debug|Any CPU
		Release|Any CPU = Release|Any CPU
	EndGlobalSection
	GlobalSection(ProjectConfigurationPlatforms) = postSolution
		{08CE3547-2C25-466A-A8A3-E7172514FCB0}.Debug|Any CPU.ActiveCfg = Debug|Any CPU
		{08CE3547-2C25-466A-A8A3-E7172514FCB0}.Debug|Any CPU.Build.0 = Debug|Any CPU
		{08CE3547-2C25-466A-A8A3-E7172514FCB0}.Release|Any CPU.ActiveCfg = Release|Any CPU
		{08CE3547-2C25-466A-A8A3-E7172514FCB0}.Release|Any CPU.Build.0 = Release|Any CPU
	EndGlobalSection
	GlobalSection(SolutionProperties) = preSolution
		HideSolutionNode = FALSE
	EndGlobalSection
	GlobalSection(ExtensibilityGlobals) = postSolution
		SolutionGuid = {1C695F18-3882-4E5F-9F04-BB078A1977A3}
	EndGlobalSection
EndGlobal
